
Microsoft Visual Studio Solution File, Format Version 12.00
# Visual Studio Version 16
VisualStudioVersion = 16.0.29215.179
MinimumVisualStudioVersion = 10.0.40219.1
Project("{FAE04EC0-301F-11D3-BF4B-00C04F79EFBC}") = "DoAnTest", "DoAnTest\DoAnTest.csproj", "{87E8EDAA-0DAC-493E-AD9B-780F6248F609}"
EndProject
Global
	GlobalSection(SolutionConfigurationPlatforms) = preSolution
		Debug|Any CPU = Debug|Any CPU
		Release|Any CPU = Release|Any CPU
	EndGlobalSection
	GlobalSection(ProjectConfigurationPlatforms) = postSolution
		{87E8EDAA-0DAC-493E-AD9B-780F6248F609}.Debug|Any CPU.ActiveCfg = Debug|Any CPU
		{87E8EDAA-0DAC-493E-AD9B-780F6248F609}.Debug|Any CPU.Build.0 = Debug|Any CPU
		{87E8EDAA-0DAC-493E-AD9B-780F6248F609}.Release|Any CPU.ActiveCfg = Release|Any CPU
		{87E8EDAA-0DAC-493E-AD9B-780F6248F609}.Release|Any CPU.Build.0 = Release|Any CPU
	EndGlobalSection
	GlobalSection(SolutionProperties) = preSolution
		HideSolutionNode = FALSE
	EndGlobalSection
	GlobalSection(ExtensibilityGlobals) = postSolution
		SolutionGuid = {0ED17B61-752B-4E6A-959D-43760B784190}
	EndGlobalSection
EndGlobal
